# This file is generated by running "yarn install" inside your project.
# Manual changes might be lost - proceed with caution!

__metadata:
  version: 8
  cacheKey: 10c0

"ws@npm:^8.20.0":
  version: 8.20.0
  resolution: "ws@npm:8.20.0"
  peerDependencies:
    bufferutil: ^4.0.1
    utf-8-validate: ">=5.0.2"
  peerDependenciesMeta:
    bufferutil:
      optional: true
    utf-8-validate:
      optional: true
  checksum: 10c0/956ac5f11738c914089b65878b9223692ace77337ba55379ae68e1ecbeae9b47a0c6eb9403688f609999a58c80d83d99865fe0029b229d308b08c1ef93d4ea14
  languageName: node
  linkType: hard

"ws@workspace:.":
  version: 0.0.0-use.local
  resolution: "ws@workspace:."
  dependencies:
    ws: "npm:^8.20.0"
  languageName: unknown
  linkType: soft
